{
  "object": {
    "pins": [
      {
        "package": "CocoaAsyncSocket",
        "repositoryURL": "https://github.com/robbiehanson/CocoaAsyncSocket",
        "state": {
          "branch": null,
          "revision": "dbdc00669c1ced63b27c3c5f052ee4d28f10150c",
          "version": "7.6.5"
        }
      },
      {
        "package": "GameServerQueryLibrary",
        "repositoryURL": "https://github.com/andreagiavatto/GameServerQueryLibrary",
        "state": {
          "branch": null,
          "revision": "2ddea5ba863390e59489d6223fd87f33faeb18cf",
          "version": "1.0.2"
        }
      }
    ]
  },
  "version": 1
}
